
Microsoft Visual Studio Solution File, Format Version 12.00
# Visual Studio Version 17
VisualStudioVersion = 17.12.35527.113
MinimumVisualStudioVersion = 10.0.40219.1
Project("{FAE04EC0-301F-11D3-BF4B-00C04F79EFBC}") = "Notification_System", "Notification_System.csproj", "{940A6777-48AD-4121-8BD0-0FCD68C9B550}"
EndProject
Project("{FAE04EC0-301F-11D3-BF4B-00C04F79EFBC}") = "DataAccessLibrary", "..\DataAccessLibrary\DataAccessLibrary.csproj", "{B0C9BBEC-82B5-416C-BC43-5D0220073AF5}"
EndProject
Project("{FAE04EC0-301F-11D3-BF4B-00C04F79EFBC}") = "DataHelper", "..\DataHelper\DataHelper.csproj", "{0C3A8D61-1DC7-40DA-8083-2FD677BED370}"
EndProject
Project("{FAE04EC0-301F-11D3-BF4B-00C04F79EFBC}") = "ServiceLibrary", "..\ServiceLibrary\ServiceLibrary.csproj", "{17278622-3171-4EA9-8752-77A2BCACE6A5}"
EndProject
Project("{FAE04EC0-301F-11D3-BF4B-00C04F79EFBC}") = "Email", "..\Email\Email.csproj", "{AC62EAAB-5749-44A0-BEC2-60373D0FA0A7}"
EndProject
Project("{FAE04EC0-301F-11D3-BF4B-00C04F79EFBC}") = "ComputerMetricsLibrary", "..\ComputerMetricsLibrary\ComputerMetricsLibrary.csproj", "{EE107BE3-3A2D-47A3-9169-2DCAB9C5C3C3}"
EndProject
Global
	GlobalSection(SolutionConfigurationPlatforms) = preSolution
		Debug|Any CPU = Debug|Any CPU
		Release|Any CPU = Release|Any CPU
	EndGlobalSection
	GlobalSection(ProjectConfigurationPlatforms) = postSolution
		{940A6777-48AD-4121-8BD0-0FCD68C9B550}.Debug|Any CPU.ActiveCfg = Debug|Any CPU
		{940A6777-48AD-4121-8BD0-0FCD68C9B550}.Debug|Any CPU.Build.0 = Debug|Any CPU
		{940A6777-48AD-4121-8BD0-0FCD68C9B550}.Release|Any CPU.ActiveCfg = Release|Any CPU
		{940A6777-48AD-4121-8BD0-0FCD68C9B550}.Release|Any CPU.Build.0 = Release|Any CPU
		{B0C9BBEC-82B5-416C-BC43-5D0220073AF5}.Debug|Any CPU.ActiveCfg = Debug|Any CPU
		{B0C9BBEC-82B5-416C-BC43-5D0220073AF5}.Debug|Any CPU.Build.0 = Debug|Any CPU
		{B0C9BBEC-82B5-416C-BC43-5D0220073AF5}.Release|Any CPU.ActiveCfg = Release|Any CPU
		{B0C9BBEC-82B5-416C-BC43-5D0220073AF5}.Release|Any CPU.Build.0 = Release|Any CPU
		{0C3A8D61-1DC7-40DA-8083-2FD677BED370}.Debug|Any CPU.ActiveCfg = Debug|Any CPU
		{0C3A8D61-1DC7-40DA-8083-2FD677BED370}.Debug|Any CPU.Build.0 = Debug|Any CPU
		{0C3A8D61-1DC7-40DA-8083-2FD677BED370}.Release|Any CPU.ActiveCfg = Release|Any CPU
		{0C3A8D61-1DC7-40DA-8083-2FD677BED370}.Release|Any CPU.Build.0 = Release|Any CPU
		{17278622-3171-4EA9-8752-77A2BCACE6A5}.Debug|Any CPU.ActiveCfg = Debug|Any CPU
		{17278622-3171-4EA9-8752-77A2BCACE6A5}.Debug|Any CPU.Build.0 = Debug|Any CPU
		{17278622-3171-4EA9-8752-77A2BCACE6A5}.Release|Any CPU.ActiveCfg = Release|Any CPU
		{17278622-3171-4EA9-8752-77A2BCACE6A5}.Release|Any CPU.Build.0 = Release|Any CPU
		{AC62EAAB-5749-44A0-BEC2-60373D0FA0A7}.Debug|Any CPU.ActiveCfg = Debug|Any CPU
		{AC62EAAB-5749-44A0-BEC2-60373D0FA0A7}.Debug|Any CPU.Build.0 = Debug|Any CPU
		{AC62EAAB-5749-44A0-BEC2-60373D0FA0A7}.Release|Any CPU.ActiveCfg = Release|Any CPU
		{AC62EAAB-5749-44A0-BEC2-60373D0FA0A7}.Release|Any CPU.Build.0 = Release|Any CPU
		{EE107BE3-3A2D-47A3-9169-2DCAB9C5C3C3}.Debug|Any CPU.ActiveCfg = Debug|Any CPU
		{EE107BE3-3A2D-47A3-9169-2DCAB9C5C3C3}.Debug|Any CPU.Build.0 = Debug|Any CPU
		{EE107BE3-3A2D-47A3-9169-2DCAB9C5C3C3}.Release|Any CPU.ActiveCfg = Release|Any CPU
		{EE107BE3-3A2D-47A3-9169-2DCAB9C5C3C3}.Release|Any CPU.Build.0 = Release|Any CPU
	EndGlobalSection
	GlobalSection(SolutionProperties) = preSolution
		HideSolutionNode = FALSE
	EndGlobalSection
	GlobalSection(ExtensibilityGlobals) = postSolution
		SolutionGuid = {5A864452-2E0A-4FF4-BF39-9520CAE4784C}
	EndGlobalSection
EndGlobal
